
Microsoft Visual Studio Solution File, Format Version 12.00
# Visual Studio Version 17
VisualStudioVersion = 17.13.35825.156 d17.13
MinimumVisualStudioVersion = 10.0.40219.1
Project("{FAE04EC0-301F-11D3-BF4B-00C04F79EFBC}") = "入れ子(ネスト)にしたデータクラスによる参照値渡し", "入れ子(ネスト)にしたデータクラスによる参照値渡し\入れ子(ネスト)にしたデータクラスによる参照値渡し.csproj", "{864455D3-48AD-4C0D-9802-53096C05F0AA}"
EndProject
Global
	GlobalSection(SolutionConfigurationPlatforms) = preSolution
		Debug|Any CPU = Debug|Any CPU
		Release|Any CPU = Release|Any CPU
	EndGlobalSection
	GlobalSection(ProjectConfigurationPlatforms) = postSolution
		{864455D3-48AD-4C0D-9802-53096C05F0AA}.Debug|Any CPU.ActiveCfg = Debug|Any CPU
		{864455D3-48AD-4C0D-9802-53096C05F0AA}.Debug|Any CPU.Build.0 = Debug|Any CPU
		{864455D3-48AD-4C0D-9802-53096C05F0AA}.Release|Any CPU.ActiveCfg = Release|Any CPU
		{864455D3-48AD-4C0D-9802-53096C05F0AA}.Release|Any CPU.Build.0 = Release|Any CPU
	EndGlobalSection
	GlobalSection(SolutionProperties) = preSolution
		HideSolutionNode = FALSE
	EndGlobalSection
	GlobalSection(ExtensibilityGlobals) = postSolution
		SolutionGuid = {54AD31F1-2918-48D1-AE46-95BE10E13B61}
	EndGlobalSection
EndGlobal
